
Microsoft Visual Studio Solution File, Format Version 12.00
# Visual Studio Version 16
VisualStudioVersion = 16.0.31005.135
MinimumVisualStudioVersion = 10.0.40219.1
Project("{FAE04EC0-301F-11D3-BF4B-00C04F79EFBC}") = "GitHub-Pages-Blazor-wasm", "GitHub-Pages-Blazor-wasm\GitHub-Pages-Blazor-wasm.csproj", "{99B08338-A669-402C-A8E5-FB7C8EADBC85}"
EndProject
Global
	GlobalSection(SolutionConfigurationPlatforms) = preSolution
		Debug|Any CPU = Debug|Any CPU
		Release|Any CPU = Release|Any CPU
	EndGlobalSection
	GlobalSection(ProjectConfigurationPlatforms) = postSolution
		{99B08338-A669-402C-A8E5-FB7C8EADBC85}.Debug|Any CPU.ActiveCfg = Debug|Any CPU
		{99B08338-A669-402C-A8E5-FB7C8EADBC85}.Debug|Any CPU.Build.0 = Debug|Any CPU
		{99B08338-A669-402C-A8E5-FB7C8EADBC85}.Release|Any CPU.ActiveCfg = Release|Any CPU
		{99B08338-A669-402C-A8E5-FB7C8EADBC85}.Release|Any CPU.Build.0 = Release|Any CPU
	EndGlobalSection
	GlobalSection(SolutionProperties) = preSolution
		HideSolutionNode = FALSE
	EndGlobalSection
	GlobalSection(ExtensibilityGlobals) = postSolution
		SolutionGuid = {A8A691E7-B96E-4E99-8DC0-A7D22F7852D2}
	EndGlobalSection
EndGlobal
